// !$*UTF8*$!
{
	archiveVersion = 1;
	classes = {
	};
	objectVersion = 46;
	objects = {

/* Begin PBXBuildFile section */
		7B6ED3541AFF07D200A04417 /* main.m in Sources */ = {isa = PBXBuildFile; fileRef = 7B6ED3531AFF07D200A04417 /* main.m */; };
		7B6ED3571AFF07D200A04417 /* AppDelegate.m in Sources */ = {isa = PBXBuildFile; fileRef = 7B6ED3561AFF07D200A04417 /* AppDelegate.m */; };
		7B6ED35A1AFF07D200A04417 /* ViewController.m in Sources */ = {isa = PBXBuildFile; fileRef = 7B6ED3591AFF07D200A04417 /* ViewController.m */; };
		7B6ED35D1AFF07D200A04417 /* Main.storyboard in Resources */ = {isa = PBXBuildFile; fileRef = 7B6ED35B1AFF07D200A04417 /* Main.storyboard */; };
		7B6ED35F1AFF07D200A04417 /* Images.xcassets in Resources */ = {isa = PBXBuildFile; fileRef = 7B6ED35E1AFF07D200A04417 /* Images.xcassets */; };
		7B6ED3621AFF07D200A04417 /* LaunchScreen.xib in Resources */ = {isa = PBXBuildFile; fileRef = 7B6ED3601AFF07D200A04417 /* LaunchScreen.xib */; };
		7B6ED36E1AFF07D200A04417 /* Beginning_OpenGL_ES_2Tests.m in Sources */ = {isa = PBXBuildFile; fileRef = 7B6ED36D1AFF07D200A04417 /* Beginning_OpenGL_ES_2Tests.m */; };
		7B6ED3781AFF0A3E00A04417 /* QuartzCore.framework in Frameworks */ = {isa = PBXBuildFile; fileRef = 7B6ED3771AFF0A3E00A04417 /* QuartzCore.framework */; };
		7B6ED37B1AFF0A7700A04417 /* OpenGLES.framework in Frameworks */ = {isa = PBXBuildFile; fileRef = 7B6ED37A1AFF0A7700A04417 /* OpenGLES.framework */; };
		7B6ED37D1AFF0A8C00A04417 /* GLKit.framework in Frameworks */ = {isa = PBXBuildFile; fileRef = 7B6ED37C1AFF0A8C00A04417 /* GLKit.framework */; };
/* End PBXBuildFile section */

/* Begin PBXContainerItemProxy section */
		7B6ED3681AFF07D200A04417 /* PBXContainerItemProxy */ = {
			isa = PBXContainerItemProxy;
			containerPortal = 7B6ED3461AFF07D200A04417 /* Project object */;
			proxyType = 1;
			remoteGlobalIDString = 7B6ED34D1AFF07D200A04417;
			remoteInfo = "Beginning OpenGL ES 2";
		};
/* End PBXContainerItemProxy section */

/* Begin PBXFileReference section */
		7B6ED34E1AFF07D200A04417 /* Beginning OpenGL ES 2.app */ = {isa = PBXFileReference; explicitFileType = wrapper.application; includeInIndex = 0; path = "Beginning OpenGL ES 2.app"; sourceTree = BUILT_PRODUCTS_DIR; };
		7B6ED3521AFF07D200A04417 /* Info.plist */ = {isa = PBXFileReference; lastKnownFileType = text.plist.xml; path = Info.plist; sourceTree = "<group>"; };
		7B6ED3531AFF07D200A04417 /* main.m */ = {isa = PBXFileReference; lastKnownFileType = sourcecode.c.objc; path = main.m; sourceTree = "<group>"; };
		7B6ED3551AFF07D200A04417 /* AppDelegate.h */ = {isa = PBXFileReference; lastKnownFileType = sourcecode.c.h; path = AppDelegate.h; sourceTree = "<group>"; };
		7B6ED3561AFF07D200A04417 /* AppDelegate.m */ = {isa = PBXFileReference; lastKnownFileType = sourcecode.c.objc; path = AppDelegate.m; sourceTree = "<group>"; };
		7B6ED3581AFF07D200A04417 /* ViewController.h */ = {isa = PBXFileReference; lastKnownFileType = sourcecode.c.h; path = ViewController.h; sourceTree = "<group>"; };
		7B6ED3591AFF07D200A04417 /* ViewController.m */ = {isa = PBXFileReference; lastKnownFileType = sourcecode.c.objc; path = ViewController.m; sourceTree = "<group>"; };
		7B6ED35C1AFF07D200A04417 /* Base */ = {isa = PBXFileReference; lastKnownFileType = file.storyboard; name = Base; path = Base.lproj/Main.storyboard; sourceTree = "<group>"; };
		7B6ED35E1AFF07D200A04417 /* Images.xcassets */ = {isa = PBXFileReference; lastKnownFileType = folder.assetcatalog; path = Images.xcassets; sourceTree = "<group>"; };
		7B6ED3611AFF07D200A04417 /* Base */ = {isa = PBXFileReference; lastKnownFileType = file.xib; name = Base; path = Base.lproj/LaunchScreen.xib; sourceTree = "<group>"; };
		7B6ED3671AFF07D200A04417 /* Beginning OpenGL ES 2Tests.xctest */ = {isa = PBXFileReference; explicitFileType = wrapper.cfbundle; includeInIndex = 0; path = "Beginning OpenGL ES 2Tests.xctest"; sourceTree = BUILT_PRODUCTS_DIR; };
		7B6ED36C1AFF07D200A04417 /* Info.plist */ = {isa = PBXFileReference; lastKnownFileType = text.plist.xml; path = Info.plist; sourceTree = "<group>"; };
		7B6ED36D1AFF07D200A04417 /* Beginning_OpenGL_ES_2Tests.m */ = {isa = PBXFileReference; lastKnownFileType = sourcecode.c.objc; path = Beginning_OpenGL_ES_2Tests.m; sourceTree = "<group>"; };
		7B6ED3771AFF0A3E00A04417 /* QuartzCore.framework */ = {isa = PBXFileReference; lastKnownFileType = wrapper.framework; name = QuartzCore.framework; path = System/Library/Frameworks/QuartzCore.framework; sourceTree = SDKROOT; };
		7B6ED37A1AFF0A7700A04417 /* OpenGLES.framework */ = {isa = PBXFileReference; lastKnownFileType = wrapper.framework; name = OpenGLES.framework; path = System/Library/Frameworks/OpenGLES.framework; sourceTree = SDKROOT; };
		7B6ED37C1AFF0A8C00A04417 /* GLKit.framework */ = {isa = PBXFileReference; lastKnownFileType = wrapper.framework; name = GLKit.framework; path = System/Library/Frameworks/GLKit.framework; sourceTree = SDKROOT; };
/* End PBXFileReference section */

/* Begin PBXFrameworksBuildPhase section */
		7B6ED34B1AFF07D200A04417 /* Frameworks */ = {
			isa = PBXFrameworksBuildPhase;
			buildActionMask = 2147483647;
			files = (
				7B6ED37D1AFF0A8C00A04417 /* GLKit.framework in Frameworks */,
				7B6ED37B1AFF0A7700A04417 /* OpenGLES.framework in Frameworks */,
				7B6ED3781AFF0A3E00A04417 /* QuartzCore.framework in Frameworks */,
			);
			runOnlyForDeploymentPostprocessing = 0;
		};
		7B6ED3641AFF07D200A04417 /* Frameworks */ = {
			isa = PBXFrameworksBuildPhase;
			buildActionMask = 2147483647;
			files = (
			);
			runOnlyForDeploymentPostprocessing = 0;
		};
/* End PBXFrameworksBuildPhase section */

/* Begin PBXGroup section */
		7B6ED3451AFF07D200A04417 = {
			isa = PBXGroup;
			children = (
				7B6ED3501AFF07D200A04417 /* Beginning OpenGL ES 2 */,
				7B6ED36A1AFF07D200A04417 /* Beginning OpenGL ES 2Tests */,
				7B6ED3791AFF0A5500A04417 /* Frameworks */,
				7B6ED34F1AFF07D200A04417 /* Products */,
			);
			sourceTree = "<group>";
		};
		7B6ED34F1AFF07D200A04417 /* Products */ = {
			isa = PBXGroup;
			children = (
				7B6ED34E1AFF07D200A04417 /* Beginning OpenGL ES 2.app */,
				7B6ED3671AFF07D200A04417 /* Beginning OpenGL ES 2Tests.xctest */,
			);
			name = Products;
			sourceTree = "<group>";
		};
		7B6ED3501AFF07D200A04417 /* Beginning OpenGL ES 2 */ = {
			isa = PBXGroup;
			children = (
				7B6ED3551AFF07D200A04417 /* AppDelegate.h */,
				7B6ED3561AFF07D200A04417 /* AppDelegate.m */,
				7B6ED3581AFF07D200A04417 /* ViewController.h */,
				7B6ED3591AFF07D200A04417 /* ViewController.m */,
				7B6ED35B1AFF07D200A04417 /* Main.storyboard */,
				7B6ED35E1AFF07D200A04417 /* Images.xcassets */,
				7B6ED3601AFF07D200A04417 /* LaunchScreen.xib */,
				7B6ED3511AFF07D200A04417 /* Supporting Files */,
			);
			path = "Beginning OpenGL ES 2";
			sourceTree = "<group>";
		};
		7B6ED3511AFF07D200A04417 /* Supporting Files */ = {
			isa = PBXGroup;
			children = (
				7B6ED3521AFF07D200A04417 /* Info.plist */,
				7B6ED3531AFF07D200A04417 /* main.m */,
			);
			name = "Supporting Files";
			sourceTree = "<group>";
		};
		7B6ED36A1AFF07D200A04417 /* Beginning OpenGL ES 2Tests */ = {
			isa = PBXGroup;
			children = (
				7B6ED36D1AFF07D200A04417 /* Beginning_OpenGL_ES_2Tests.m */,
				7B6ED36B1AFF07D200A04417 /* Supporting Files */,
			);
			path = "Beginning OpenGL ES 2Tests";
			sourceTree = "<group>";
		};
		7B6ED36B1AFF07D200A04417 /* Supporting Files */ = {
			isa = PBXGroup;
			children = (
				7B6ED36C1AFF07D200A04417 /* Info.plist */,
			);
			name = "Supporting Files";
			sourceTree = "<group>";
		};
		7B6ED3791AFF0A5500A04417 /* Frameworks */ = {
			isa = PBXGroup;
			children = (
				7B6ED37C1AFF0A8C00A04417 /* GLKit.framework */,
				7B6ED37A1AFF0A7700A04417 /* OpenGLES.framework */,
				7B6ED3771AFF0A3E00A04417 /* QuartzCore.framework */,
			);
			name = Frameworks;
			sourceTree = "<group>";
		};
/* End PBXGroup section */

/* Begin PBXNativeTarget section */
		7B6ED34D1AFF07D200A04417 /* Beginning OpenGL ES 2 */ = {
			isa = PBXNativeTarget;
			buildConfigurationList = 7B6ED3711AFF07D200A04417 /* Build configuration list for PBXNativeTarget "Beginning OpenGL ES 2" */;
			buildPhases = (
				7B6ED34A1AFF07D200A04417 /* Sources */,
				7B6ED34B1AFF07D200A04417 /* Frameworks */,
				7B6ED34C1AFF07D200A04417 /* Resources */,
			);
			buildRules = (
			);
			dependencies = (
			);
			name = "Beginning OpenGL ES 2";
			productName = "Beginning OpenGL ES 2";
			productReference = 7B6ED34E1AFF07D200A04417 /* Beginning OpenGL ES 2.app */;
			productType = "com.apple.product-type.application";
		};
		7B6ED3661AFF07D200A04417 /* Beginning OpenGL ES 2Tests */ = {
			isa = PBXNativeTarget;
			buildConfigurationList = 7B6ED3741AFF07D200A04417 /* Build configuration list for PBXNativeTarget "Beginning OpenGL ES 2Tests" */;
			buildPhases = (
				7B6ED3631AFF07D200A04417 /* Sources */,
				7B6ED3641AFF07D200A04417 /* Frameworks */,
				7B6ED3651AFF07D200A04417 /* Resources */,
			);
			buildRules = (
			);
			dependencies = (
				7B6ED3691AFF07D200A04417 /* PBXTargetDependency */,
			);
			name = "Beginning OpenGL ES 2Tests";
			productName = "Beginning OpenGL ES 2Tests";
			productReference = 7B6ED3671AFF07D200A04417 /* Beginning OpenGL ES 2Tests.xctest */;
			productType = "com.apple.product-type.bundle.unit-test";
		};
/* End PBXNativeTarget section */

/* Begin PBXProject section */
		7B6ED3461AFF07D200A04417 /* Project object */ = {
			isa = PBXProject;
			attributes = {
				LastUpgradeCheck = 0630;
				ORGANIZATIONNAME = "Jhonathan Wyterlin";
				TargetAttributes = {
					7B6ED34D1AFF07D200A04417 = {
						CreatedOnToolsVersion = 6.3.1;
					};
					7B6ED3661AFF07D200A04417 = {
						CreatedOnToolsVersion = 6.3.1;
						TestTargetID = 7B6ED34D1AFF07D200A04417;
					};
				};
			};
			buildConfigurationList = 7B6ED3491AFF07D200A04417 /* Build configuration list for PBXProject "Beginning OpenGL ES 2" */;
			compatibilityVersion = "Xcode 3.2";
			developmentRegion = English;
			hasScannedForEncodings = 0;
			knownRegions = (
				en,
				Base,
			);
			mainGroup = 7B6ED3451AFF07D200A04417;
			productRefGroup = 7B6ED34F1AFF07D200A04417 /* Products */;
			projectDirPath = "";
			projectRoot = "";
			targets = (
				7B6ED34D1AFF07D200A04417 /* Beginning OpenGL ES 2 */,
				7B6ED3661AFF07D200A04417 /* Beginning OpenGL ES 2Tests */,
			);
		};
/* End PBXProject section */

/* Begin PBXResourcesBuildPhase section */
		7B6ED34C1AFF07D200A04417 /* Resources */ = {
			isa = PBXResourcesBuildPhase;
			buildActionMask = 2147483647;
			files = (
				7B6ED35D1AFF07D200A04417 /* Main.storyboard in Resources */,
				7B6ED3621AFF07D200A04417 /* LaunchScreen.xib in Resources */,
				7B6ED35F1AFF07D200A04417 /* Images.xcassets in Resources */,
			);
			runOnlyForDeploymentPostprocessing = 0;
		};
		7B6ED3651AFF07D200A04417 /* Resources */ = {
			isa = PBXResourcesBuildPhase;
			buildActionMask = 2147483647;
			files = (
			);
			runOnlyForDeploymentPostprocessing = 0;
		};
/* End PBXResourcesBuildPhase section */

/* Begin PBXSourcesBuildPhase section */
		7B6ED34A1AFF07D200A04417 /* Sources */ = {
			isa = PBXSourcesBuildPhase;
			buildActionMask = 2147483647;
			files = (
				7B6ED35A1AFF07D200A04417 /* ViewController.m in Sources */,
				7B6ED3571AFF07D200A04417 /* AppDelegate.m in Sources */,
				7B6ED3541AFF07D200A04417 /* main.m in Sources */,
			);
			runOnlyForDeploymentPostprocessing = 0;
		};
		7B6ED3631AFF07D200A04417 /* Sources */ = {
			isa = PBXSourcesBuildPhase;
			buildActionMask = 2147483647;
			files = (
				7B6ED36E1AFF07D200A04417 /* Beginning_OpenGL_ES_2Tests.m in Sources */,
			);
			runOnlyForDeploymentPostprocessing = 0;
		};
/* End PBXSourcesBuildPhase section */

/* Begin PBXTargetDependency section */
		7B6ED3691AFF07D200A04417 /* PBXTargetDependency */ = {
			isa = PBXTargetDependency;
			target = 7B6ED34D1AFF07D200A04417 /* Beginning OpenGL ES 2 */;
			targetProxy = 7B6ED3681AFF07D200A04417 /* PBXContainerItemProxy */;
		};
/* End PBXTargetDependency section */

/* Begin PBXVariantGroup section */
		7B6ED35B1AFF07D200A04417 /* Main.storyboard */ = {
			isa = PBXVariantGroup;
			children = (
				7B6ED35C1AFF07D200A04417 /* Base */,
			);
			name = Main.storyboard;
			sourceTree = "<group>";
		};
		7B6ED3601AFF07D200A04417 /* LaunchScreen.xib */ = {
			isa = PBXVariantGroup;
			children = (
				7B6ED3611AFF07D200A04417 /* Base */,
			);
			name = LaunchScreen.xib;
			sourceTree = "<group>";
		};
/* End PBXVariantGroup section */

/* Begin XCBuildConfiguration section */
		7B6ED36F1AFF07D200A04417 /* Debug */ = {
			isa = XCBuildConfiguration;
			buildSettings = {
				ALWAYS_SEARCH_USER_PATHS = NO;
				CLANG_CXX_LANGUAGE_STANDARD = "gnu++0x";
				CLANG_CXX_LIBRARY = "libc++";
				CLANG_ENABLE_MODULES = YES;
				CLANG_ENABLE_OBJC_ARC = YES;
				CLANG_WARN_BOOL_CONVERSION = YES;
				CLANG_WARN_CONSTANT_CONVERSION = YES;
				CLANG_WARN_DIRECT_OBJC_ISA_USAGE = YES_ERROR;
				CLANG_WARN_EMPTY_BODY = YES;
				CLANG_WARN_ENUM_CONVERSION = YES;
				CLANG_WARN_INT_CONVERSION = YES;
				CLANG_WARN_OBJC_ROOT_CLASS = YES_ERROR;
				CLANG_WARN_UNREACHABLE_CODE = YES;
				CLANG_WARN__DUPLICATE_METHOD_MATCH = YES;
				"CODE_SIGN_IDENTITY[sdk=iphoneos*]" = "iPhone Developer";
				COPY_PHASE_STRIP = NO;
				DEBUG_INFORMATION_FORMAT = "dwarf-with-dsym";
				ENABLE_STRICT_OBJC_MSGSEND = YES;
				GCC_C_LANGUAGE_STANDARD = gnu99;
				GCC_DYNAMIC_NO_PIC = NO;
				GCC_NO_COMMON_BLOCKS = YES;
				GCC_OPTIMIZATION_LEVEL = 0;
				GCC_PREPROCESSOR_DEFINITIONS = (
					"DEBUG=1",
					"$(inherited)",
				);
				GCC_SYMBOLS_PRIVATE_EXTERN = NO;
				GCC_WARN_64_TO_32_BIT_CONVERSION = YES;
				GCC_WARN_ABOUT_RETURN_TYPE = YES_ERROR;
				GCC_WARN_UNDECLARED_SELECTOR = YES;
				GCC_WARN_UNINITIALIZED_AUTOS = YES_AGGRESSIVE;
				GCC_WARN_UNUSED_FUNCTION = YES;
				GCC_WARN_UNUSED_VARIABLE = YES;
				IPHONEOS_DEPLOYMENT_TARGET = 8.3;
				MTL_ENABLE_DEBUG_INFO = YES;
				ONLY_ACTIVE_ARCH = YES;
				SDKROOT = iphoneos;
			};
			name = Debug;
		};
		7B6ED3701AFF07D200A04417 /* Release */ = {
			isa = XCBuildConfiguration;
			buildSettings = {
				ALWAYS_SEARCH_USER_PATHS = NO;
				CLANG_CXX_LANGUAGE_STANDARD = "gnu++0x";
				CLANG_CXX_LIBRARY = "libc++";
				CLANG_ENABLE_MODULES = YES;
				CLANG_ENABLE_OBJC_ARC = YES;
				CLANG_WARN_BOOL_CONVERSION = YES;
				CLANG_WARN_CONSTANT_CONVERSION = YES;
				CLANG_WARN_DIRECT_OBJC_ISA_USAGE = YES_ERROR;
				CLANG_WARN_EMPTY_BODY = YES;
				CLANG_WARN_ENUM_CONVERSION = YES;
				CLANG_WARN_INT_CONVERSION = YES;
				CLANG_WARN_OBJC_ROOT_CLASS = YES_ERROR;
				CLANG_WARN_UNREACHABLE_CODE = YES;
				CLANG_WARN__DUPLICATE_METHOD_MATCH = YES;
				"CODE_SIGN_IDENTITY[sdk=iphoneos*]" = "iPhone Developer";
				COPY_PHASE_STRIP = NO;
				DEBUG_INFORMATION_FORMAT = "dwarf-with-dsym";
				ENABLE_NS_ASSERTIONS = NO;
				ENABLE_STRICT_OBJC_MSGSEND = YES;
				GCC_C_LANGUAGE_STANDARD = gnu99;
				GCC_NO_COMMON_BLOCKS = YES;
				GCC_WARN_64_TO_32_BIT_CONVERSION = YES;
				GCC_WARN_ABOUT_RETURN_TYPE = YES_ERROR;
				GCC_WARN_UNDECLARED_SELECTOR = YES;
				GCC_WARN_UNINITIALIZED_AUTOS = YES_AGGRESSIVE;
				GCC_WARN_UNUSED_FUNCTION = YES;
				GCC_WARN_UNUSED_VARIABLE = YES;
				IPHONEOS_DEPLOYMENT_TARGET = 8.3;
				MTL_ENABLE_DEBUG_INFO = NO;
				SDKROOT = iphoneos;
				VALIDATE_PRODUCT = YES;
			};
			name = Release;
		};
		7B6ED3721AFF07D200A04417 /* Debug */ = {
			isa = XCBuildConfiguration;
			buildSettings = {
				ASSETCATALOG_COMPILER_APPICON_NAME = AppIcon;
				INFOPLIST_FILE = "Beginning OpenGL ES 2/Info.plist";
				LD_RUNPATH_SEARCH_PATHS = "$(inherited) @executable_path/Frameworks";
				PRODUCT_NAME = "$(TARGET_NAME)";
			};
			name = Debug;
		};
		7B6ED3731AFF07D200A04417 /* Release */ = {
			isa = XCBuildConfiguration;
			buildSettings = {
				ASSETCATALOG_COMPILER_APPICON_NAME = AppIcon;
				INFOPLIST_FILE = "Beginning OpenGL ES 2/Info.plist";
				LD_RUNPATH_SEARCH_PATHS = "$(inherited) @executable_path/Frameworks";
				PRODUCT_NAME = "$(TARGET_NAME)";
			};
			name = Release;
		};
		7B6ED3751AFF07D200A04417 /* Debug */ = {
			isa = XCBuildConfiguration;
			buildSettings = {
				BUNDLE_LOADER = "$(TEST_HOST)";
				FRAMEWORK_SEARCH_PATHS = (
					"$(SDKROOT)/Developer/Library/Frameworks",
					"$(inherited)",
				);
				GCC_PREPROCESSOR_DEFINITIONS = (
					"DEBUG=1",
					"$(inherited)",
				);
				INFOPLIST_FILE = "Beginning OpenGL ES 2Tests/Info.plist";
				LD_RUNPATH_SEARCH_PATHS = "$(inherited) @executable_path/Frameworks @loader_path/Frameworks";
				PRODUCT_NAME = "$(TARGET_NAME)";
				TEST_HOST = "$(BUILT_PRODUCTS_DIR)/Beginning OpenGL ES 2.app/Beginning OpenGL ES 2";
			};
			name = Debug;
		};
		7B6ED3761AFF07D200A04417 /* Release */ = {
			isa = XCBuildConfiguration;
			buildSettings = {
				BUNDLE_LOADER = "$(TEST_HOST)";
				FRAMEWORK_SEARCH_PATHS = (
					"$(SDKROOT)/Developer/Library/Frameworks",
					"$(inherited)",
				);
				INFOPLIST_FILE = "Beginning OpenGL ES 2Tests/Info.plist";
				LD_RUNPATH_SEARCH_PATHS = "$(inherited) @executable_path/Frameworks @loader_path/Frameworks";
				PRODUCT_NAME = "$(TARGET_NAME)";
				TEST_HOST = "$(BUILT_PRODUCTS_DIR)/Beginning OpenGL ES 2.app/Beginning OpenGL ES 2";
			};
			name = Release;
		};
/* End XCBuildConfiguration section */

/* Begin XCConfigurationList section */
		7B6ED3491AFF07D200A04417 /* Build configuration list for PBXProject "Beginning OpenGL ES 2" */ = {
			isa = XCConfigurationList;
			buildConfigurations = (
				7B6ED36F1AFF07D200A04417 /* Debug */,
				7B6ED3701AFF07D200A04417 /* Release */,
			);
			defaultConfigurationIsVisible = 0;
			defaultConfigurationName = Release;
		};
		7B6ED3711AFF07D200A04417 /* Build configuration list for PBXNativeTarget "Beginning OpenGL ES 2" */ = {
			isa = XCConfigurationList;
			buildConfigurations = (
				7B6ED3721AFF07D200A04417 /* Debug */,
				7B6ED3731AFF07D200A04417 /* Release */,
			);
			defaultConfigurationIsVisible = 0;
		};
		7B6ED3741AFF07D200A04417 /* Build configuration list for PBXNativeTarget "Beginning OpenGL ES 2Tests" */ = {
			isa = XCConfigurationList;
			buildConfigurations = (
				7B6ED3751AFF07D200A04417 /* Debug */,
				7B6ED3761AFF07D200A04417 /* Release */,
			);
			defaultConfigurationIsVisible = 0;
		};
/* End XCConfigurationList section */
	};
	rootObject = 7B6ED3461AFF07D200A04417 /* Project object */;
}
